{
  "name": "aidc-collector",
  "version": "1.0.0",
  "lockfileVersion": 3,
  "requires": true,
  "packages": {
    "": {
      "name": "aidc-collector",
      "version": "1.0.0",
      "dependencies": {
        "tdesign-miniprogram": "^1.9.0"
      },
      "devDependencies": {}
    },
    "node_modules/tdesign-miniprogram": {
      "version": "1.13.1",
      "resolved": "https://registry.npmjs.org/tdesign-miniprogram/-/tdesign-miniprogram-1.13.1.tgz",
      "integrity": "sha512-j6gwyW81iJSL6/4gxR243IAoQO9YG45kiZZYgzKWRUYelLDu4p0yTjcUOX7iUinDyMeoVl18LoU+u+jMc3hO6w==",
      "license": "MIT"
    }
  }
}
